
Microsoft Visual Studio Solution File, Format Version 12.00
# Visual Studio Version 17
VisualStudioVersion = 17.6.33723.286
MinimumVisualStudioVersion = 10.0.40219.1
Project("{FAE04EC0-301F-11D3-BF4B-00C04F79EFBC}") = "GestionMatériel", "GestionMatériel.csproj", "{9ECE601C-0F83-4996-8A93-41ECCB7C72D8}"
EndProject
Global
	GlobalSection(SolutionConfigurationPlatforms) = preSolution
		Debug|Any CPU = Debug|Any CPU
		Release|Any CPU = Release|Any CPU
	EndGlobalSection
	GlobalSection(ProjectConfigurationPlatforms) = postSolution
		{9ECE601C-0F83-4996-8A93-41ECCB7C72D8}.Debug|Any CPU.ActiveCfg = Debug|Any CPU
		{9ECE601C-0F83-4996-8A93-41ECCB7C72D8}.Debug|Any CPU.Build.0 = Debug|Any CPU
		{9ECE601C-0F83-4996-8A93-41ECCB7C72D8}.Release|Any CPU.ActiveCfg = Release|Any CPU
		{9ECE601C-0F83-4996-8A93-41ECCB7C72D8}.Release|Any CPU.Build.0 = Release|Any CPU
	EndGlobalSection
	GlobalSection(SolutionProperties) = preSolution
		HideSolutionNode = FALSE
	EndGlobalSection
	GlobalSection(ExtensibilityGlobals) = postSolution
		SolutionGuid = {6A8EF520-3EB0-4974-964E-578358E2A70E}
	EndGlobalSection
EndGlobal
